
Microsoft Visual Studio Solution File, Format Version 12.00
Project("{2150E333-8FDC-42A3-9474-1A3956D46DE8}") = "FeatureA", "FeatureA", "{230EB08F-8ABE-4AF5-A976-07E381669886}"
EndProject
Project("{2150E333-8FDC-42A3-9474-1A3956D46DE8}") = "FeatureB", "FeatureB", "{B31FBEC6-12FA-407C-8281-FEE0D643DD6C}"
EndProject
Project("{2150E333-8FDC-42A3-9474-1A3956D46DE8}") = "FeatureX", "FeatureX", "{3E30CB4E-AEEC-45F1-94BC-8F91C2A669BD}"
EndProject
Project("{2150E333-8FDC-42A3-9474-1A3956D46DE8}") = "FeatureY", "FeatureY", "{0A09B311-B334-4B77-8515-9E7523C77D8F}"
EndProject
Project("{2150E333-8FDC-42A3-9474-1A3956D46DE8}") = "Commons", "Commons", "{C3D9E5D5-F5DF-43F1-9600-D368A3AD42EE}"
EndProject
Project("{2150E333-8FDC-42A3-9474-1A3956D46DE8}") = "Application", "Application", "{1891EE8E-DA49-4973-87B0-A59D76F1AAD8}"
EndProject
Project("{FAE04EC0-301F-11D3-BF4B-00C04F79EFBC}") = "Org.Commons.Database", "Commons\Source\Org.Commons.Database\Org.Commons.Database.csproj", "{5D68135E-22D4-42C7-BC8D-66AD382E8376}"
EndProject
Project("{FAE04EC0-301F-11D3-BF4B-00C04F79EFBC}") = "Org.Commons.Net", "Commons\Source\Org.Commons.Net\Org.Commons.Net.csproj", "{0FB1B4D1-05B0-4E1C-8A92-BC02773DF2DA}"
EndProject
Project("{FAE04EC0-301F-11D3-BF4B-00C04F79EFBC}") = "Org.Commons", "Commons\Source\Org.Commons\Org.Commons.csproj", "{8A954294-76D5-4A32-806D-670448EBEB77}"
EndProject
Project("{FAE04EC0-301F-11D3-BF4B-00C04F79EFBC}") = "Org.Commons.Database.Tests", "Commons\Tests\Org.Commons.Database.Tests\Org.Commons.Database.Tests.csproj", "{5BA0B344-6568-4894-9A01-BCE813A4992E}"
EndProject
Project("{FAE04EC0-301F-11D3-BF4B-00C04F79EFBC}") = "Org.Commons.Net.Tests", "Commons\Tests\Org.Commons.Net.Tests\Org.Commons.Net.Tests.csproj", "{BA2F95D0-0528-427E-8345-72357AB4AC54}"
EndProject
Project("{FAE04EC0-301F-11D3-BF4B-00C04F79EFBC}") = "Org.Commons.Tests", "Commons\Tests\Org.Commons.Tests\Org.Commons.Tests.csproj", "{AF863523-8628-41F3-A67B-C076E8F71D05}"
EndProject
Project("{FAE04EC0-301F-11D3-BF4B-00C04F79EFBC}") = "Org.FeatureA", "Application\Source\Org.FeatureA\Org.FeatureA.csproj", "{C5E100E5-7473-402A-87C2-10D8DCBDC376}"
EndProject
Project("{FAE04EC0-301F-11D3-BF4B-00C04F79EFBC}") = "Org.FeatureA.Net", "Application\Source\Org.FeatureA.Net\Org.FeatureA.Net.csproj", "{C9DE90D9-F341-4111-A777-A343521048E0}"
EndProject
Project("{FAE04EC0-301F-11D3-BF4B-00C04F79EFBC}") = "Org.FeatureA.Database", "Application\Source\Org.FeatureA.Database\Org.FeatureA.Database.csproj", "{1B724B5F-4340-4F18-ACEA-BF973E6FFF5F}"
EndProject
Project("{FAE04EC0-301F-11D3-BF4B-00C04F79EFBC}") = "Org.FeatureA.Tests", "Application\Tests\Org.FeatureA.Tests\Org.FeatureA.Tests.csproj", "{8382685D-4FE0-4D02-BCC3-5F4036E647AE}"
EndProject
Project("{FAE04EC0-301F-11D3-BF4B-00C04F79EFBC}") = "Org.FeatureA.Database.Tests", "Application\Tests\Org.FeatureA.Database.Tests\Org.FeatureA.Database.Tests.csproj", "{372E5F14-CE57-4C94-AADE-9780FE2F65D4}"
EndProject
Project("{FAE04EC0-301F-11D3-BF4B-00C04F79EFBC}") = "Org.FeatureA.Net.Tests", "Application\Tests\Org.FeatureA.Net.Tests\Org.FeatureA.Net.Tests.csproj", "{1EFBAB81-0591-40D3-9C29-6B6DB8E95A8D}"
EndProject
Project("{FAE04EC0-301F-11D3-BF4B-00C04F79EFBC}") = "Org.FeatureB.FeatureX", "Application\Source\Org.FeatureB.FeatureX\Org.FeatureB.FeatureX.csproj", "{8BA454D5-5B1C-43D6-B4EB-86B2CF601403}"
EndProject
Project("{FAE04EC0-301F-11D3-BF4B-00C04F79EFBC}") = "Org.FeatureB.FeatureX.Tests", "Application\Tests\Org.FeatureB.FeatureX.Tests\Org.FeatureB.FeatureX.Tests.csproj", "{71F64A7B-E834-44A3-A3F0-96D0C82FFCBD}"
EndProject
Project("{FAE04EC0-301F-11D3-BF4B-00C04F79EFBC}") = "Org.FeatureB.FeatureY", "Application\Source\Org.FeatureB.FeatureY\Org.FeatureB.FeatureY.csproj", "{213936D7-1E42-4D27-BFA2-9BEF986175B8}"
EndProject
Project("{FAE04EC0-301F-11D3-BF4B-00C04F79EFBC}") = "Org.FeatureB.FeatureY.Tests", "Application\Tests\Org.FeatureB.FeatureY.Tests\Org.FeatureB.FeatureY.Tests.csproj", "{718C6F99-E8E3-4C37-8B6A-B78321C3EE73}"
EndProject
Project("{FAE04EC0-301F-11D3-BF4B-00C04F79EFBC}") = "Org.Gateway.Net", "Application\Source\Org.Gateway.Net\Org.Gateway.Net.csproj", "{0F39E739-5ECC-4C21-8BE5-E4F379CCAFB4}"
EndProject
Project("{FAE04EC0-301F-11D3-BF4B-00C04F79EFBC}") = "Org.Gateway.Net.Tests", "Application\Tests\Org.Gateway.Net.Tests\Org.Gateway.Net.Tests.csproj", "{66FC0121-AFA0-4EAF-9FC4-FBC17F4DA9AE}"
EndProject
Global
	GlobalSection(SolutionConfigurationPlatforms) = preSolution
		Debug|Any CPU = Debug|Any CPU
		Release|Any CPU = Release|Any CPU
	EndGlobalSection
	GlobalSection(ProjectConfigurationPlatforms) = postSolution
		{5D68135E-22D4-42C7-BC8D-66AD382E8376}.Debug|Any CPU.ActiveCfg = Debug|Any CPU
		{5D68135E-22D4-42C7-BC8D-66AD382E8376}.Debug|Any CPU.Build.0 = Debug|Any CPU
		{5D68135E-22D4-42C7-BC8D-66AD382E8376}.Release|Any CPU.ActiveCfg = Release|Any CPU
		{5D68135E-22D4-42C7-BC8D-66AD382E8376}.Release|Any CPU.Build.0 = Release|Any CPU
		{0FB1B4D1-05B0-4E1C-8A92-BC02773DF2DA}.Debug|Any CPU.ActiveCfg = Debug|Any CPU
		{0FB1B4D1-05B0-4E1C-8A92-BC02773DF2DA}.Debug|Any CPU.Build.0 = Debug|Any CPU
		{0FB1B4D1-05B0-4E1C-8A92-BC02773DF2DA}.Release|Any CPU.ActiveCfg = Release|Any CPU
		{0FB1B4D1-05B0-4E1C-8A92-BC02773DF2DA}.Release|Any CPU.Build.0 = Release|Any CPU
		{8A954294-76D5-4A32-806D-670448EBEB77}.Debug|Any CPU.ActiveCfg = Debug|Any CPU
		{8A954294-76D5-4A32-806D-670448EBEB77}.Debug|Any CPU.Build.0 = Debug|Any CPU
		{8A954294-76D5-4A32-806D-670448EBEB77}.Release|Any CPU.ActiveCfg = Release|Any CPU
		{8A954294-76D5-4A32-806D-670448EBEB77}.Release|Any CPU.Build.0 = Release|Any CPU
		{5BA0B344-6568-4894-9A01-BCE813A4992E}.Debug|Any CPU.ActiveCfg = Debug|Any CPU
		{5BA0B344-6568-4894-9A01-BCE813A4992E}.Debug|Any CPU.Build.0 = Debug|Any CPU
		{5BA0B344-6568-4894-9A01-BCE813A4992E}.Release|Any CPU.ActiveCfg = Release|Any CPU
		{5BA0B344-6568-4894-9A01-BCE813A4992E}.Release|Any CPU.Build.0 = Release|Any CPU
		{BA2F95D0-0528-427E-8345-72357AB4AC54}.Debug|Any CPU.ActiveCfg = Debug|Any CPU
		{BA2F95D0-0528-427E-8345-72357AB4AC54}.Debug|Any CPU.Build.0 = Debug|Any CPU
		{BA2F95D0-0528-427E-8345-72357AB4AC54}.Release|Any CPU.ActiveCfg = Release|Any CPU
		{BA2F95D0-0528-427E-8345-72357AB4AC54}.Release|Any CPU.Build.0 = Release|Any CPU
		{AF863523-8628-41F3-A67B-C076E8F71D05}.Debug|Any CPU.ActiveCfg = Debug|Any CPU
		{AF863523-8628-41F3-A67B-C076E8F71D05}.Debug|Any CPU.Build.0 = Debug|Any CPU
		{AF863523-8628-41F3-A67B-C076E8F71D05}.Release|Any CPU.ActiveCfg = Release|Any CPU
		{AF863523-8628-41F3-A67B-C076E8F71D05}.Release|Any CPU.Build.0 = Release|Any CPU
		{C5E100E5-7473-402A-87C2-10D8DCBDC376}.Debug|Any CPU.ActiveCfg = Debug|Any CPU
		{C5E100E5-7473-402A-87C2-10D8DCBDC376}.Debug|Any CPU.Build.0 = Debug|Any CPU
		{C5E100E5-7473-402A-87C2-10D8DCBDC376}.Release|Any CPU.ActiveCfg = Release|Any CPU
		{C5E100E5-7473-402A-87C2-10D8DCBDC376}.Release|Any CPU.Build.0 = Release|Any CPU
		{C9DE90D9-F341-4111-A777-A343521048E0}.Debug|Any CPU.ActiveCfg = Debug|Any CPU
		{C9DE90D9-F341-4111-A777-A343521048E0}.Debug|Any CPU.Build.0 = Debug|Any CPU
		{C9DE90D9-F341-4111-A777-A343521048E0}.Release|Any CPU.ActiveCfg = Release|Any CPU
		{C9DE90D9-F341-4111-A777-A343521048E0}.Release|Any CPU.Build.0 = Release|Any CPU
		{1B724B5F-4340-4F18-ACEA-BF973E6FFF5F}.Debug|Any CPU.ActiveCfg = Debug|Any CPU
		{1B724B5F-4340-4F18-ACEA-BF973E6FFF5F}.Debug|Any CPU.Build.0 = Debug|Any CPU
		{1B724B5F-4340-4F18-ACEA-BF973E6FFF5F}.Release|Any CPU.ActiveCfg = Release|Any CPU
		{1B724B5F-4340-4F18-ACEA-BF973E6FFF5F}.Release|Any CPU.Build.0 = Release|Any CPU
		{8382685D-4FE0-4D02-BCC3-5F4036E647AE}.Debug|Any CPU.ActiveCfg = Debug|Any CPU
		{8382685D-4FE0-4D02-BCC3-5F4036E647AE}.Debug|Any CPU.Build.0 = Debug|Any CPU
		{8382685D-4FE0-4D02-BCC3-5F4036E647AE}.Release|Any CPU.ActiveCfg = Release|Any CPU
		{8382685D-4FE0-4D02-BCC3-5F4036E647AE}.Release|Any CPU.Build.0 = Release|Any CPU
		{372E5F14-CE57-4C94-AADE-9780FE2F65D4}.Debug|Any CPU.ActiveCfg = Debug|Any CPU
		{372E5F14-CE57-4C94-AADE-9780FE2F65D4}.Debug|Any CPU.Build.0 = Debug|Any CPU
		{372E5F14-CE57-4C94-AADE-9780FE2F65D4}.Release|Any CPU.ActiveCfg = Release|Any CPU
		{372E5F14-CE57-4C94-AADE-9780FE2F65D4}.Release|Any CPU.Build.0 = Release|Any CPU
		{1EFBAB81-0591-40D3-9C29-6B6DB8E95A8D}.Debug|Any CPU.ActiveCfg = Debug|Any CPU
		{1EFBAB81-0591-40D3-9C29-6B6DB8E95A8D}.Debug|Any CPU.Build.0 = Debug|Any CPU
		{1EFBAB81-0591-40D3-9C29-6B6DB8E95A8D}.Release|Any CPU.ActiveCfg = Release|Any CPU
		{1EFBAB81-0591-40D3-9C29-6B6DB8E95A8D}.Release|Any CPU.Build.0 = Release|Any CPU
		{8BA454D5-5B1C-43D6-B4EB-86B2CF601403}.Debug|Any CPU.ActiveCfg = Debug|Any CPU
		{8BA454D5-5B1C-43D6-B4EB-86B2CF601403}.Debug|Any CPU.Build.0 = Debug|Any CPU
		{8BA454D5-5B1C-43D6-B4EB-86B2CF601403}.Release|Any CPU.ActiveCfg = Release|Any CPU
		{8BA454D5-5B1C-43D6-B4EB-86B2CF601403}.Release|Any CPU.Build.0 = Release|Any CPU
		{71F64A7B-E834-44A3-A3F0-96D0C82FFCBD}.Debug|Any CPU.ActiveCfg = Debug|Any CPU
		{71F64A7B-E834-44A3-A3F0-96D0C82FFCBD}.Debug|Any CPU.Build.0 = Debug|Any CPU
		{71F64A7B-E834-44A3-A3F0-96D0C82FFCBD}.Release|Any CPU.ActiveCfg = Release|Any CPU
		{71F64A7B-E834-44A3-A3F0-96D0C82FFCBD}.Release|Any CPU.Build.0 = Release|Any CPU
		{213936D7-1E42-4D27-BFA2-9BEF986175B8}.Debug|Any CPU.ActiveCfg = Debug|Any CPU
		{213936D7-1E42-4D27-BFA2-9BEF986175B8}.Debug|Any CPU.Build.0 = Debug|Any CPU
		{213936D7-1E42-4D27-BFA2-9BEF986175B8}.Release|Any CPU.ActiveCfg = Release|Any CPU
		{213936D7-1E42-4D27-BFA2-9BEF986175B8}.Release|Any CPU.Build.0 = Release|Any CPU
		{718C6F99-E8E3-4C37-8B6A-B78321C3EE73}.Debug|Any CPU.ActiveCfg = Debug|Any CPU
		{718C6F99-E8E3-4C37-8B6A-B78321C3EE73}.Debug|Any CPU.Build.0 = Debug|Any CPU
		{718C6F99-E8E3-4C37-8B6A-B78321C3EE73}.Release|Any CPU.ActiveCfg = Release|Any CPU
		{718C6F99-E8E3-4C37-8B6A-B78321C3EE73}.Release|Any CPU.Build.0 = Release|Any CPU
		{0F39E739-5ECC-4C21-8BE5-E4F379CCAFB4}.Debug|Any CPU.ActiveCfg = Debug|Any CPU
		{0F39E739-5ECC-4C21-8BE5-E4F379CCAFB4}.Debug|Any CPU.Build.0 = Debug|Any CPU
		{0F39E739-5ECC-4C21-8BE5-E4F379CCAFB4}.Release|Any CPU.ActiveCfg = Release|Any CPU
		{0F39E739-5ECC-4C21-8BE5-E4F379CCAFB4}.Release|Any CPU.Build.0 = Release|Any CPU
		{66FC0121-AFA0-4EAF-9FC4-FBC17F4DA9AE}.Debug|Any CPU.ActiveCfg = Debug|Any CPU
		{66FC0121-AFA0-4EAF-9FC4-FBC17F4DA9AE}.Debug|Any CPU.Build.0 = Debug|Any CPU
		{66FC0121-AFA0-4EAF-9FC4-FBC17F4DA9AE}.Release|Any CPU.ActiveCfg = Release|Any CPU
		{66FC0121-AFA0-4EAF-9FC4-FBC17F4DA9AE}.Release|Any CPU.Build.0 = Release|Any CPU
	EndGlobalSection
	GlobalSection(NestedProjects) = preSolution
		{3E30CB4E-AEEC-45F1-94BC-8F91C2A669BD} = {B31FBEC6-12FA-407C-8281-FEE0D643DD6C}
		{0A09B311-B334-4B77-8515-9E7523C77D8F} = {B31FBEC6-12FA-407C-8281-FEE0D643DD6C}
		{230EB08F-8ABE-4AF5-A976-07E381669886} = {1891EE8E-DA49-4973-87B0-A59D76F1AAD8}
		{B31FBEC6-12FA-407C-8281-FEE0D643DD6C} = {1891EE8E-DA49-4973-87B0-A59D76F1AAD8}
		{5D68135E-22D4-42C7-BC8D-66AD382E8376} = {C3D9E5D5-F5DF-43F1-9600-D368A3AD42EE}
		{0FB1B4D1-05B0-4E1C-8A92-BC02773DF2DA} = {C3D9E5D5-F5DF-43F1-9600-D368A3AD42EE}
		{8A954294-76D5-4A32-806D-670448EBEB77} = {C3D9E5D5-F5DF-43F1-9600-D368A3AD42EE}
		{5BA0B344-6568-4894-9A01-BCE813A4992E} = {C3D9E5D5-F5DF-43F1-9600-D368A3AD42EE}
		{BA2F95D0-0528-427E-8345-72357AB4AC54} = {C3D9E5D5-F5DF-43F1-9600-D368A3AD42EE}
		{AF863523-8628-41F3-A67B-C076E8F71D05} = {C3D9E5D5-F5DF-43F1-9600-D368A3AD42EE}
		{C5E100E5-7473-402A-87C2-10D8DCBDC376} = {230EB08F-8ABE-4AF5-A976-07E381669886}
		{C9DE90D9-F341-4111-A777-A343521048E0} = {230EB08F-8ABE-4AF5-A976-07E381669886}
		{1B724B5F-4340-4F18-ACEA-BF973E6FFF5F} = {230EB08F-8ABE-4AF5-A976-07E381669886}
		{8382685D-4FE0-4D02-BCC3-5F4036E647AE} = {230EB08F-8ABE-4AF5-A976-07E381669886}
		{372E5F14-CE57-4C94-AADE-9780FE2F65D4} = {230EB08F-8ABE-4AF5-A976-07E381669886}
		{1EFBAB81-0591-40D3-9C29-6B6DB8E95A8D} = {230EB08F-8ABE-4AF5-A976-07E381669886}
		{8BA454D5-5B1C-43D6-B4EB-86B2CF601403} = {3E30CB4E-AEEC-45F1-94BC-8F91C2A669BD}
		{71F64A7B-E834-44A3-A3F0-96D0C82FFCBD} = {3E30CB4E-AEEC-45F1-94BC-8F91C2A669BD}
		{213936D7-1E42-4D27-BFA2-9BEF986175B8} = {0A09B311-B334-4B77-8515-9E7523C77D8F}
		{718C6F99-E8E3-4C37-8B6A-B78321C3EE73} = {0A09B311-B334-4B77-8515-9E7523C77D8F}
	EndGlobalSection
EndGlobal
