
Microsoft Visual Studio Solution File, Format Version 12.00
Project("{FAE04EC0-301F-11D3-BF4B-00C04F79EFBC}") = "Org.FeatureA", "Source\Org.FeatureA\Org.FeatureA.csproj", "{DD027F3E-4DFF-4B22-9EAF-D4510331DB49}"
EndProject
Project("{2150E333-8FDC-42A3-9474-1A3956D46DE8}") = "FeatureA", "FeatureA", "{230EB08F-8ABE-4AF5-A976-07E381669886}"
EndProject
Project("{FAE04EC0-301F-11D3-BF4B-00C04F79EFBC}") = "Org.FeatureA.Tests", "Tests\Org.FeatureA.Tests\Org.FeatureA.Tests.csproj", "{00FDC343-08D6-43E3-BEFF-E9BC662F992D}"
EndProject
Project("{FAE04EC0-301F-11D3-BF4B-00C04F79EFBC}") = "Org.FeatureA.Database.Tests", "Tests\Org.FeatureA.Database.Tests\Org.FeatureA.Database.Tests.csproj", "{54710B26-F136-41EA-A8AB-03F6D6AB9AD6}"
EndProject
Project("{FAE04EC0-301F-11D3-BF4B-00C04F79EFBC}") = "Org.FeatureA.Net.Tests", "Tests\Org.FeatureA.Net.Tests\Org.FeatureA.Net.Tests.csproj", "{6A60E66F-BEE0-4E20-85EB-B0B520EC3A3E}"
EndProject
Project("{FAE04EC0-301F-11D3-BF4B-00C04F79EFBC}") = "Org.Gateway.Net.Tests", "Tests\Org.Gateway.Net.Tests\Org.Gateway.Net.Tests.csproj", "{71D0B669-8AA6-4CE7-B89B-308DE43F963F}"
EndProject
Project("{2150E333-8FDC-42A3-9474-1A3956D46DE8}") = "FeatureB", "FeatureB", "{B31FBEC6-12FA-407C-8281-FEE0D643DD6C}"
EndProject
Project("{2150E333-8FDC-42A3-9474-1A3956D46DE8}") = "FeatureX", "FeatureX", "{3E30CB4E-AEEC-45F1-94BC-8F91C2A669BD}"
EndProject
Project("{2150E333-8FDC-42A3-9474-1A3956D46DE8}") = "FeatureY", "FeatureY", "{0A09B311-B334-4B77-8515-9E7523C77D8F}"
EndProject
Project("{FAE04EC0-301F-11D3-BF4B-00C04F79EFBC}") = "Org.FeatureA.Database", "Source\Org.FeatureA.Database\Org.FeatureA.Database.csproj", "{68595844-CFCA-446F-9661-8813979B9E80}"
EndProject
Project("{FAE04EC0-301F-11D3-BF4B-00C04F79EFBC}") = "Org.FeatureA.Net", "Source\Org.FeatureA.Net\Org.FeatureA.Net.csproj", "{3EEEEFE0-59F9-48D5-9774-7BC05A7CD53C}"
EndProject
Project("{FAE04EC0-301F-11D3-BF4B-00C04F79EFBC}") = "Org.FeatureB.FeatureX", "Source\Org.FeatureB.FeatureX\Org.FeatureB.FeatureX.csproj", "{978D10C0-C802-48F9-9F60-EED28ED946C2}"
EndProject
Project("{FAE04EC0-301F-11D3-BF4B-00C04F79EFBC}") = "Org.FeatureB.FeatureX.Tests", "Tests\Org.FeatureB.FeatureX.Tests\Org.FeatureB.FeatureX.Tests.csproj", "{BCE11D55-4833-496E-B88B-8B8F03DCD62A}"
EndProject
Project("{FAE04EC0-301F-11D3-BF4B-00C04F79EFBC}") = "Org.FeatureB.FeatureY", "Source\Org.FeatureB.FeatureY\Org.FeatureB.FeatureY.csproj", "{81B487E0-9DF8-48EF-AB4F-6355D0198607}"
EndProject
Project("{FAE04EC0-301F-11D3-BF4B-00C04F79EFBC}") = "Org.FeatureB.FeatureY.Tests", "Tests\Org.FeatureB.FeatureY.Tests\Org.FeatureB.FeatureY.Tests.csproj", "{5FBB632F-08C4-43BD-A3A2-798E89CAF03C}"
EndProject
Project("{FAE04EC0-301F-11D3-BF4B-00C04F79EFBC}") = "Org.Gateway.Net", "Source\Org.Gateway.Net\Org.Gateway.Net.csproj", "{C31F15C3-523E-4A67-A8F4-F7269FD97CA7}"
EndProject
Project("{2150E333-8FDC-42A3-9474-1A3956D46DE8}") = "Commons", "Commons", "{C3D9E5D5-F5DF-43F1-9600-D368A3AD42EE}"
EndProject
Project("{FAE04EC0-301F-11D3-BF4B-00C04F79EFBC}") = "Org.Commons", "Source\Org.Commons\Org.Commons.csproj", "{0C6D30B0-E997-43CA-8B0A-68E7E01CE379}"
EndProject
Project("{FAE04EC0-301F-11D3-BF4B-00C04F79EFBC}") = "Org.Commons.Tests", "Tests\Org.Commons.Tests\Org.Commons.Tests.csproj", "{FE587ABB-10DC-4780-88AA-A60420888618}"
EndProject
Project("{FAE04EC0-301F-11D3-BF4B-00C04F79EFBC}") = "Org.Commons.Net", "Source\Org.Commons.Net\Org.Commons.Net.csproj", "{24377B09-E2B6-4AF8-A8F4-EED8742613D6}"
EndProject
Project("{FAE04EC0-301F-11D3-BF4B-00C04F79EFBC}") = "Org.Commons.Net.Tests", "Tests\Org.Commons.Net.Tests\Org.Commons.Net.Tests.csproj", "{01BFD322-36D1-4B5B-82BD-D58A36267661}"
EndProject
Project("{FAE04EC0-301F-11D3-BF4B-00C04F79EFBC}") = "Org.Commons.Database", "Source\Org.Commons.Database\Org.Commons.Database.csproj", "{12A87B69-61E0-4836-BB51-778108F0F060}"
EndProject
Project("{FAE04EC0-301F-11D3-BF4B-00C04F79EFBC}") = "Org.Commons.Database.Tests", "Tests\Org.Commons.Database.Tests\Org.Commons.Database.Tests.csproj", "{CB6CD127-A98A-4AF5-A369-805A797BB534}"
EndProject
Global
	GlobalSection(SolutionConfigurationPlatforms) = preSolution
		Debug|Any CPU = Debug|Any CPU
		Release|Any CPU = Release|Any CPU
	EndGlobalSection
	GlobalSection(ProjectConfigurationPlatforms) = postSolution
		{DD027F3E-4DFF-4B22-9EAF-D4510331DB49}.Debug|Any CPU.ActiveCfg = Debug|Any CPU
		{DD027F3E-4DFF-4B22-9EAF-D4510331DB49}.Debug|Any CPU.Build.0 = Debug|Any CPU
		{DD027F3E-4DFF-4B22-9EAF-D4510331DB49}.Release|Any CPU.ActiveCfg = Release|Any CPU
		{DD027F3E-4DFF-4B22-9EAF-D4510331DB49}.Release|Any CPU.Build.0 = Release|Any CPU
		{00FDC343-08D6-43E3-BEFF-E9BC662F992D}.Debug|Any CPU.ActiveCfg = Debug|Any CPU
		{00FDC343-08D6-43E3-BEFF-E9BC662F992D}.Debug|Any CPU.Build.0 = Debug|Any CPU
		{00FDC343-08D6-43E3-BEFF-E9BC662F992D}.Release|Any CPU.ActiveCfg = Release|Any CPU
		{00FDC343-08D6-43E3-BEFF-E9BC662F992D}.Release|Any CPU.Build.0 = Release|Any CPU
		{54710B26-F136-41EA-A8AB-03F6D6AB9AD6}.Debug|Any CPU.ActiveCfg = Debug|Any CPU
		{54710B26-F136-41EA-A8AB-03F6D6AB9AD6}.Debug|Any CPU.Build.0 = Debug|Any CPU
		{54710B26-F136-41EA-A8AB-03F6D6AB9AD6}.Release|Any CPU.ActiveCfg = Release|Any CPU
		{54710B26-F136-41EA-A8AB-03F6D6AB9AD6}.Release|Any CPU.Build.0 = Release|Any CPU
		{6A60E66F-BEE0-4E20-85EB-B0B520EC3A3E}.Debug|Any CPU.ActiveCfg = Debug|Any CPU
		{6A60E66F-BEE0-4E20-85EB-B0B520EC3A3E}.Debug|Any CPU.Build.0 = Debug|Any CPU
		{6A60E66F-BEE0-4E20-85EB-B0B520EC3A3E}.Release|Any CPU.ActiveCfg = Release|Any CPU
		{6A60E66F-BEE0-4E20-85EB-B0B520EC3A3E}.Release|Any CPU.Build.0 = Release|Any CPU
		{71D0B669-8AA6-4CE7-B89B-308DE43F963F}.Debug|Any CPU.ActiveCfg = Debug|Any CPU
		{71D0B669-8AA6-4CE7-B89B-308DE43F963F}.Debug|Any CPU.Build.0 = Debug|Any CPU
		{71D0B669-8AA6-4CE7-B89B-308DE43F963F}.Release|Any CPU.ActiveCfg = Release|Any CPU
		{71D0B669-8AA6-4CE7-B89B-308DE43F963F}.Release|Any CPU.Build.0 = Release|Any CPU
		{68595844-CFCA-446F-9661-8813979B9E80}.Debug|Any CPU.ActiveCfg = Debug|Any CPU
		{68595844-CFCA-446F-9661-8813979B9E80}.Debug|Any CPU.Build.0 = Debug|Any CPU
		{68595844-CFCA-446F-9661-8813979B9E80}.Release|Any CPU.ActiveCfg = Release|Any CPU
		{68595844-CFCA-446F-9661-8813979B9E80}.Release|Any CPU.Build.0 = Release|Any CPU
		{3EEEEFE0-59F9-48D5-9774-7BC05A7CD53C}.Debug|Any CPU.ActiveCfg = Debug|Any CPU
		{3EEEEFE0-59F9-48D5-9774-7BC05A7CD53C}.Debug|Any CPU.Build.0 = Debug|Any CPU
		{3EEEEFE0-59F9-48D5-9774-7BC05A7CD53C}.Release|Any CPU.ActiveCfg = Release|Any CPU
		{3EEEEFE0-59F9-48D5-9774-7BC05A7CD53C}.Release|Any CPU.Build.0 = Release|Any CPU
		{978D10C0-C802-48F9-9F60-EED28ED946C2}.Debug|Any CPU.ActiveCfg = Debug|Any CPU
		{978D10C0-C802-48F9-9F60-EED28ED946C2}.Debug|Any CPU.Build.0 = Debug|Any CPU
		{978D10C0-C802-48F9-9F60-EED28ED946C2}.Release|Any CPU.ActiveCfg = Release|Any CPU
		{978D10C0-C802-48F9-9F60-EED28ED946C2}.Release|Any CPU.Build.0 = Release|Any CPU
		{BCE11D55-4833-496E-B88B-8B8F03DCD62A}.Debug|Any CPU.ActiveCfg = Debug|Any CPU
		{BCE11D55-4833-496E-B88B-8B8F03DCD62A}.Debug|Any CPU.Build.0 = Debug|Any CPU
		{BCE11D55-4833-496E-B88B-8B8F03DCD62A}.Release|Any CPU.ActiveCfg = Release|Any CPU
		{BCE11D55-4833-496E-B88B-8B8F03DCD62A}.Release|Any CPU.Build.0 = Release|Any CPU
		{81B487E0-9DF8-48EF-AB4F-6355D0198607}.Debug|Any CPU.ActiveCfg = Debug|Any CPU
		{81B487E0-9DF8-48EF-AB4F-6355D0198607}.Debug|Any CPU.Build.0 = Debug|Any CPU
		{81B487E0-9DF8-48EF-AB4F-6355D0198607}.Release|Any CPU.ActiveCfg = Release|Any CPU
		{81B487E0-9DF8-48EF-AB4F-6355D0198607}.Release|Any CPU.Build.0 = Release|Any CPU
		{5FBB632F-08C4-43BD-A3A2-798E89CAF03C}.Debug|Any CPU.ActiveCfg = Debug|Any CPU
		{5FBB632F-08C4-43BD-A3A2-798E89CAF03C}.Debug|Any CPU.Build.0 = Debug|Any CPU
		{5FBB632F-08C4-43BD-A3A2-798E89CAF03C}.Release|Any CPU.ActiveCfg = Release|Any CPU
		{5FBB632F-08C4-43BD-A3A2-798E89CAF03C}.Release|Any CPU.Build.0 = Release|Any CPU
		{C31F15C3-523E-4A67-A8F4-F7269FD97CA7}.Debug|Any CPU.ActiveCfg = Debug|Any CPU
		{C31F15C3-523E-4A67-A8F4-F7269FD97CA7}.Debug|Any CPU.Build.0 = Debug|Any CPU
		{C31F15C3-523E-4A67-A8F4-F7269FD97CA7}.Release|Any CPU.ActiveCfg = Release|Any CPU
		{C31F15C3-523E-4A67-A8F4-F7269FD97CA7}.Release|Any CPU.Build.0 = Release|Any CPU
		{0C6D30B0-E997-43CA-8B0A-68E7E01CE379}.Debug|Any CPU.ActiveCfg = Debug|Any CPU
		{0C6D30B0-E997-43CA-8B0A-68E7E01CE379}.Debug|Any CPU.Build.0 = Debug|Any CPU
		{0C6D30B0-E997-43CA-8B0A-68E7E01CE379}.Release|Any CPU.ActiveCfg = Release|Any CPU
		{0C6D30B0-E997-43CA-8B0A-68E7E01CE379}.Release|Any CPU.Build.0 = Release|Any CPU
		{FE587ABB-10DC-4780-88AA-A60420888618}.Debug|Any CPU.ActiveCfg = Debug|Any CPU
		{FE587ABB-10DC-4780-88AA-A60420888618}.Debug|Any CPU.Build.0 = Debug|Any CPU
		{FE587ABB-10DC-4780-88AA-A60420888618}.Release|Any CPU.ActiveCfg = Release|Any CPU
		{FE587ABB-10DC-4780-88AA-A60420888618}.Release|Any CPU.Build.0 = Release|Any CPU
		{24377B09-E2B6-4AF8-A8F4-EED8742613D6}.Debug|Any CPU.ActiveCfg = Debug|Any CPU
		{24377B09-E2B6-4AF8-A8F4-EED8742613D6}.Debug|Any CPU.Build.0 = Debug|Any CPU
		{24377B09-E2B6-4AF8-A8F4-EED8742613D6}.Release|Any CPU.ActiveCfg = Release|Any CPU
		{24377B09-E2B6-4AF8-A8F4-EED8742613D6}.Release|Any CPU.Build.0 = Release|Any CPU
		{01BFD322-36D1-4B5B-82BD-D58A36267661}.Debug|Any CPU.ActiveCfg = Debug|Any CPU
		{01BFD322-36D1-4B5B-82BD-D58A36267661}.Debug|Any CPU.Build.0 = Debug|Any CPU
		{01BFD322-36D1-4B5B-82BD-D58A36267661}.Release|Any CPU.ActiveCfg = Release|Any CPU
		{01BFD322-36D1-4B5B-82BD-D58A36267661}.Release|Any CPU.Build.0 = Release|Any CPU
		{12A87B69-61E0-4836-BB51-778108F0F060}.Debug|Any CPU.ActiveCfg = Debug|Any CPU
		{12A87B69-61E0-4836-BB51-778108F0F060}.Debug|Any CPU.Build.0 = Debug|Any CPU
		{12A87B69-61E0-4836-BB51-778108F0F060}.Release|Any CPU.ActiveCfg = Release|Any CPU
		{12A87B69-61E0-4836-BB51-778108F0F060}.Release|Any CPU.Build.0 = Release|Any CPU
		{CB6CD127-A98A-4AF5-A369-805A797BB534}.Debug|Any CPU.ActiveCfg = Debug|Any CPU
		{CB6CD127-A98A-4AF5-A369-805A797BB534}.Debug|Any CPU.Build.0 = Debug|Any CPU
		{CB6CD127-A98A-4AF5-A369-805A797BB534}.Release|Any CPU.ActiveCfg = Release|Any CPU
		{CB6CD127-A98A-4AF5-A369-805A797BB534}.Release|Any CPU.Build.0 = Release|Any CPU
	EndGlobalSection
	GlobalSection(NestedProjects) = preSolution
		{DD027F3E-4DFF-4B22-9EAF-D4510331DB49} = {230EB08F-8ABE-4AF5-A976-07E381669886}
		{00FDC343-08D6-43E3-BEFF-E9BC662F992D} = {230EB08F-8ABE-4AF5-A976-07E381669886}
		{54710B26-F136-41EA-A8AB-03F6D6AB9AD6} = {230EB08F-8ABE-4AF5-A976-07E381669886}
		{6A60E66F-BEE0-4E20-85EB-B0B520EC3A3E} = {230EB08F-8ABE-4AF5-A976-07E381669886}
		{3E30CB4E-AEEC-45F1-94BC-8F91C2A669BD} = {B31FBEC6-12FA-407C-8281-FEE0D643DD6C}
		{0A09B311-B334-4B77-8515-9E7523C77D8F} = {B31FBEC6-12FA-407C-8281-FEE0D643DD6C}
		{68595844-CFCA-446F-9661-8813979B9E80} = {230EB08F-8ABE-4AF5-A976-07E381669886}
		{3EEEEFE0-59F9-48D5-9774-7BC05A7CD53C} = {230EB08F-8ABE-4AF5-A976-07E381669886}
		{978D10C0-C802-48F9-9F60-EED28ED946C2} = {3E30CB4E-AEEC-45F1-94BC-8F91C2A669BD}
		{BCE11D55-4833-496E-B88B-8B8F03DCD62A} = {3E30CB4E-AEEC-45F1-94BC-8F91C2A669BD}
		{81B487E0-9DF8-48EF-AB4F-6355D0198607} = {0A09B311-B334-4B77-8515-9E7523C77D8F}
		{5FBB632F-08C4-43BD-A3A2-798E89CAF03C} = {0A09B311-B334-4B77-8515-9E7523C77D8F}
		{0C6D30B0-E997-43CA-8B0A-68E7E01CE379} = {C3D9E5D5-F5DF-43F1-9600-D368A3AD42EE}
		{FE587ABB-10DC-4780-88AA-A60420888618} = {C3D9E5D5-F5DF-43F1-9600-D368A3AD42EE}
		{24377B09-E2B6-4AF8-A8F4-EED8742613D6} = {C3D9E5D5-F5DF-43F1-9600-D368A3AD42EE}
		{01BFD322-36D1-4B5B-82BD-D58A36267661} = {C3D9E5D5-F5DF-43F1-9600-D368A3AD42EE}
		{12A87B69-61E0-4836-BB51-778108F0F060} = {C3D9E5D5-F5DF-43F1-9600-D368A3AD42EE}
		{CB6CD127-A98A-4AF5-A369-805A797BB534} = {C3D9E5D5-F5DF-43F1-9600-D368A3AD42EE}
	EndGlobalSection
EndGlobal
